
Microsoft Visual Studio Solution File, Format Version 12.00
# Visual Studio Version 17
VisualStudioVersion = 17.2.32630.192
MinimumVisualStudioVersion = 10.0.40219.1
Project("{F2A71F9B-5D33-465A-A702-920D77279786}") = "CypherKata", "CypherKata\CypherKata.fsproj", "{F5540382-59CE-48CA-B27C-DCF68B4D0900}"
EndProject
Project("{FAE04EC0-301F-11D3-BF4B-00C04F79EFBC}") = "CypherKataTests", "CypherKataTests\CypherKataTests.csproj", "{2AAD7242-4ACF-4EC3-A6C8-CC453F6062BE}"
EndProject
Global
	GlobalSection(SolutionConfigurationPlatforms) = preSolution
		Debug|Any CPU = Debug|Any CPU
		Release|Any CPU = Release|Any CPU
	EndGlobalSection
	GlobalSection(ProjectConfigurationPlatforms) = postSolution
		{F5540382-59CE-48CA-B27C-DCF68B4D0900}.Debug|Any CPU.ActiveCfg = Debug|Any CPU
		{F5540382-59CE-48CA-B27C-DCF68B4D0900}.Debug|Any CPU.Build.0 = Debug|Any CPU
		{F5540382-59CE-48CA-B27C-DCF68B4D0900}.Release|Any CPU.ActiveCfg = Release|Any CPU
		{F5540382-59CE-48CA-B27C-DCF68B4D0900}.Release|Any CPU.Build.0 = Release|Any CPU
		{2AAD7242-4ACF-4EC3-A6C8-CC453F6062BE}.Debug|Any CPU.ActiveCfg = Debug|Any CPU
		{2AAD7242-4ACF-4EC3-A6C8-CC453F6062BE}.Debug|Any CPU.Build.0 = Debug|Any CPU
		{2AAD7242-4ACF-4EC3-A6C8-CC453F6062BE}.Release|Any CPU.ActiveCfg = Release|Any CPU
		{2AAD7242-4ACF-4EC3-A6C8-CC453F6062BE}.Release|Any CPU.Build.0 = Release|Any CPU
	EndGlobalSection
	GlobalSection(SolutionProperties) = preSolution
		HideSolutionNode = FALSE
	EndGlobalSection
	GlobalSection(ExtensibilityGlobals) = postSolution
		SolutionGuid = {C41D08A7-DAA2-42FC-888A-C07DFEF497B5}
	EndGlobalSection
EndGlobal
