
Microsoft Visual Studio Solution File, Format Version 12.00
# Visual Studio Version 17
VisualStudioVersion = 17.6.33815.320
MinimumVisualStudioVersion = 10.0.40219.1
Project("{6EC3EE1D-3C4E-46DD-8F32-0CC8E7565705}") = "TennisKata", "TennisKata\TennisKata.fsproj", "{0ACD8E89-2421-4845-974C-8F4A8CE191F0}"
EndProject
Project("{9A19103F-16F7-4668-BE54-9A1E7A4F7556}") = "TennisKataTests", "TennisKataTests\TennisKataTests.csproj", "{4E480AD0-A987-4938-8051-3F64607A1B25}"
EndProject
Global
	GlobalSection(SolutionConfigurationPlatforms) = preSolution
		Debug|Any CPU = Debug|Any CPU
		Release|Any CPU = Release|Any CPU
	EndGlobalSection
	GlobalSection(ProjectConfigurationPlatforms) = postSolution
		{0ACD8E89-2421-4845-974C-8F4A8CE191F0}.Debug|Any CPU.ActiveCfg = Debug|Any CPU
		{0ACD8E89-2421-4845-974C-8F4A8CE191F0}.Debug|Any CPU.Build.0 = Debug|Any CPU
		{0ACD8E89-2421-4845-974C-8F4A8CE191F0}.Release|Any CPU.ActiveCfg = Release|Any CPU
		{0ACD8E89-2421-4845-974C-8F4A8CE191F0}.Release|Any CPU.Build.0 = Release|Any CPU
		{4E480AD0-A987-4938-8051-3F64607A1B25}.Debug|Any CPU.ActiveCfg = Debug|Any CPU
		{4E480AD0-A987-4938-8051-3F64607A1B25}.Debug|Any CPU.Build.0 = Debug|Any CPU
		{4E480AD0-A987-4938-8051-3F64607A1B25}.Release|Any CPU.ActiveCfg = Release|Any CPU
		{4E480AD0-A987-4938-8051-3F64607A1B25}.Release|Any CPU.Build.0 = Release|Any CPU
	EndGlobalSection
	GlobalSection(SolutionProperties) = preSolution
		HideSolutionNode = FALSE
	EndGlobalSection
	GlobalSection(ExtensibilityGlobals) = postSolution
		SolutionGuid = {F32BAEEF-BD07-482C-8CA1-345FB34FC1C2}
	EndGlobalSection
EndGlobal
